{
  "name": "cryptopass_web3_btn",
  "version": "1.0.0",
  "lockfileVersion": 3,
  "requires": true,
  "packages": {
    "": {
      "name": "cryptopass_web3_btn",
      "version": "1.0.0",
      "license": "ISC",
      "dependencies": {
        "csstype": "^3.1.2",
        "typescript": "^5.2.2"
      },
      "devDependencies": {
        "@types/css-modules": "^1.0.3"
      }
    },
    "node_modules/@types/css-modules": {
      "version": "1.0.3",
      "resolved": "https://registry.npmjs.org/@types/css-modules/-/css-modules-1.0.3.tgz",
      "integrity": "sha512-dFJKRbgpu3sMsiDYX7dSL7ZMD/9q1UxbU/dZfIuVsIyRsST/agUNfR24biGeLOmh3YcdUmj71TadJ0mssFVNfA==",
      "dev": true
    },
    "node_modules/csstype": {
      "version": "3.1.2",
      "resolved": "https://registry.npmjs.org/csstype/-/csstype-3.1.2.tgz",
      "integrity": "sha512-I7K1Uu0MBPzaFKg4nI5Q7Vs2t+3gWWW648spaF+Rg7pI9ds18Ugn+lvg4SHczUdKlHI5LWBXyqfS8+DufyBsgQ=="
    },
    "node_modules/typescript": {
      "version": "5.2.2",
      "resolved": "https://registry.npmjs.org/typescript/-/typescript-5.2.2.tgz",
      "integrity": "sha512-mI4WrpHsbCIcwT9cF4FZvr80QUeKvsUsUvKDoR+X/7XHQH98xYD8YHZg7ANtz2GtZt/CBq2QJ0thkGJMHfqc1w==",
      "bin": {
        "tsc": "bin/tsc",
        "tsserver": "bin/tsserver"
      },
      "engines": {
        "node": ">=14.17"
      }
    }
  }
}
